{
    "_meta": {
        "hash": {
            "sha256": "8b6ef205ade28745366bc719340d0b4cf528d976f8557b5334293d6d1c6ca8d5"
        },
        "pipfile-spec": 6,
        "requires": {
            "python_version": "3.8"
        },
        "sources": [
            {
                "name": "pypi",
                "url": "https://pypi.douban.com/simple",
                "verify_ssl": true
            }
        ]
    },
    "default": {
        "beautifulsoup4": {
            "hashes": [
                "sha256:9a315ce70049920ea4572a4055bc4bd700c940521d36fc858205ad4fcde149bf",
                "sha256:c23ad23c521d818955a4151a67d81580319d4bf548d3d49f4223ae041ff98891"
            ],
            "index": "pypi",
            "version": "==4.10.0"
        },
        "cython": {
            "hashes": [
                "sha256:26d8d0ededca42be50e0ac377c08408e18802b1391caa3aea045a72c1bff47ac",
                "sha256:d6fac2342802c30e51426828fe084ff4deb1b3387367cf98976bb2e64b6f8e45"
            ],
            "markers": "sys_platform == 'darwin'",
            "version": "==0.29.28"
        },
        "pillow": {
            "hashes": [
                "sha256:2632d0f846b7c7600edf53c48f8f9f1e13e62f66a6dbc15191029d950bfed976",
                "sha256:335ace1a22325395c4ea88e00ba3dc89ca029bd66bd5a3c382d53e44f0ccd77e",
                "sha256:6c8bc8238a7dfdaf7a75f5ec5a663f4173f8c367e5a39f87e720495e1eed75fa"
            ],
            "index": "pypi",
            "version": "==9.0.1"
        },
        "pymysql": {
            "hashes": [
                "sha256:41fc3a0c5013d5f039639442321185532e3e2c8924687abe6537de157d403641",
                "sha256:816927a350f38d56072aeca5dfb10221fe1dc653745853d30a216637f5d7ad36"
            ],
            "index": "pypi",
            "version": "==1.0.2"
        },
        "pyobjc-core": {
            "hashes": [
                "sha256:9b7688188e28761ac7655cf3a2fa9942927e16d3a5a81cc8d726b0bcb3b4f283"
            ],
            "markers": "python_version >= '3.6'",
            "version": "==8.3"
        },
        "pyobjc-framework-cocoa": {
            "hashes": [
                "sha256:5003e780d9bfc2984b1415d9ee9ad07625f6abd2191964d153c6d331d81284fe",
                "sha256:7fec7732d93f5e7ea41bda64dd288e39087e5dea7add3d02f2bd156e0b2bd029"
            ],
            "markers": "sys_platform == 'darwin'",
            "version": "==8.3"
        },
        "pyperclip": {
            "hashes": [
                "sha256:105254a8b04934f0bc84e9c24eb360a591aaf6535c9def5f29d92af107a9bf57"
            ],
            "index": "pypi",
            "version": "==1.8.2"
        },
        "pyqt6": {
            "hashes": [
                "sha256:577334c9d4518022a4cb6f9799dfbd1b996167eb31404b5a63d6c43d603e6418",
                "sha256:a9bfcac198fe4b703706f809bb686c7cef5f60a7c802fc145c6b57929c7a6a34"
            ],
            "index": "pypi",
            "version": "==6.2.3"
        },
        "pyqt6-qt6": {
            "hashes": [
                "sha256:bdf799911f004f904b00b9424e590cdb9138e7fc687d036c73c458e4c6c2efbd"
            ],
            "version": "==6.2.3"
        },
        "pyqt6-sip": {
            "hashes": [
                "sha256:b7bce59900b2e0a04f70246de2ccf79ee7933036b6b9183cf039b62eeae2b858"
            ],
            "markers": "python_version >= '3.6'",
            "version": "==13.2.1"
        },
        "screeninfo": {
            "hashes": [
                "sha256:9501bf8b8458c7d1be4cb0ac9abddddfa80b932fb3f65bfcb54f5586434b1dc5",
                "sha256:dac455fbed79e82c481d59a00962f543e5a9bf3c2cc9f0e48e2714eb8d3cec23"
            ],
            "index": "pypi",
            "version": "==0.8"
        },
        "soupsieve": {
            "hashes": [
                "sha256:1a3cca2617c6b38c0343ed661b1fa5de5637f257d4fe22bd9f1338010a1efefb",
                "sha256:b8d49b1cd4f037c7082a9683dfa1801aa2597fb11c3a1155b7a5b94829b4f1f9"
            ],
            "markers": "python_version >= '3.6'",
            "version": "==2.3.1"
        }
    },
    "develop": {}
}
